github.com/creachadair/atomicfile v0.2.1 h1:lR7a+aLj4eeIM3ihqozxEoxjT6MUY9XXAhtZtR6eLuw=
github.com/creachadair/atomicfile v0.2.1/go.mod h1:Tvr/wsb3lQY4dj+9utcmJ7Gp6wi3LKA8jRNqoxUhA2M=
github.com/creachadair/twitter v0.0.0-20200824162736-c684f550b318 h1:aB6pNmvaYtBCu9aNS96E51B+eDDi8Ra6Z74Jnh1eY9A=
github.com/creachadair/twitter v0.0.0-20200824162736-c684f550b318/go.mod h1:36nIJGaW7r+ubzdO9QtsW65v/OEJBHrQvknMxo0i2Fs=
gopkg.in/check.v1 v0.0.0-20161208181325-20d25e280405 h1:yhCVgyC4o1eVCa2tZl7eS0r+SDo693bJlVdllGtEeKM=
gopkg.in/check.v1 v0.0.0-20161208181325-20d25e280405/go.mod h1:Co6ibVJAznAaIkqp8huTwlJQCZ016jof/cbN4VW5Yz0=
gopkg.in/yaml.v3 v3.0.0-20200615113413-eeeca48fe776 h1:tQIYjPdBoyREyB9XMu+nnTclpTYkz2zFM+lzLJFO4gQ=
gopkg.in/yaml.v3 v3.0.0-20200615113413-eeeca48fe776/go.mod h1:K4uyk7z7BCEPqu6E+C64Yfv1cQ7kz7rIZviUmN+EgEM=
